// !$*UTF8*$!
{
	archiveVersion = 1;
	classes = {
	};
	objectVersion = 46;
	objects = {

/* Begin PBXBuildFile section */
		843860E81F8D1F43003AF030 /* AppDelegate.swift in Sources */ = {isa = PBXBuildFile; fileRef = 843860E71F8D1F43003AF030 /* AppDelegate.swift */; };
		843860EA1F8D1F43003AF030 /* ViewController.swift in Sources */ = {isa = PBXBuildFile; fileRef = 843860E91F8D1F43003AF030 /* ViewController.swift */; };
		843860ED1F8D1F43003AF030 /* Main.storyboard in Resources */ = {isa = PBXBuildFile; fileRef = 843860EB1F8D1F43003AF030 /* Main.storyboard */; };
		843860EF1F8D1F43003AF030 /* Assets.xcassets in Resources */ = {isa = PBXBuildFile; fileRef = 843860EE1F8D1F43003AF030 /* Assets.xcassets */; };
		843860F21F8D1F43003AF030 /* LaunchScreen.storyboard in Resources */ = {isa = PBXBuildFile; fileRef = 843860F01F8D1F43003AF030 /* LaunchScreen.storyboard */; };
		843860FA1F8D1F5F003AF030 /* VDSImageViewExtendedAnimation.swift in Sources */ = {isa = PBXBuildFile; fileRef = 843860F91F8D1F5F003AF030 /* VDSImageViewExtendedAnimation.swift */; };
/* End PBXBuildFile section */

/* Begin PBXFileReference section */
		843860E41F8D1F43003AF030 /* VDSImageViewAnimation.app */ = {isa = PBXFileReference; explicitFileType = wrapper.application; includeInIndex = 0; path = VDSImageViewAnimation.app; sourceTree = BUILT_PRODUCTS_DIR; };
		843860E71F8D1F43003AF030 /* AppDelegate.swift */ = {isa = PBXFileReference; lastKnownFileType = sourcecode.swift; path = AppDelegate.swift; sourceTree = "<group>"; };
		843860E91F8D1F43003AF030 /* ViewController.swift */ = {isa = PBXFileReference; lastKnownFileType = sourcecode.swift; path = ViewController.swift; sourceTree = "<group>"; };
		843860EC1F8D1F43003AF030 /* Base */ = {isa = PBXFileReference; lastKnownFileType = file.storyboard; name = Base; path = Base.lproj/Main.storyboard; sourceTree = "<group>"; };
		843860EE1F8D1F43003AF030 /* Assets.xcassets */ = {isa = PBXFileReference; lastKnownFileType = folder.assetcatalog; path = Assets.xcassets; sourceTree = "<group>"; };
		843860F11F8D1F43003AF030 /* Base */ = {isa = PBXFileReference; lastKnownFileType = file.storyboard; name = Base; path = Base.lproj/LaunchScreen.storyboard; sourceTree = "<group>"; };
		843860F31F8D1F43003AF030 /* Info.plist */ = {isa = PBXFileReference; lastKnownFileType = text.plist.xml; path = Info.plist; sourceTree = "<group>"; };
		843860F91F8D1F5F003AF030 /* VDSImageViewExtendedAnimation.swift */ = {isa = PBXFileReference; fileEncoding = 4; lastKnownFileType = sourcecode.swift; path = VDSImageViewExtendedAnimation.swift; sourceTree = "<group>"; };
/* End PBXFileReference section */

/* Begin PBXFrameworksBuildPhase section */
		843860E11F8D1F43003AF030 /* Frameworks */ = {
			isa = PBXFrameworksBuildPhase;
			buildActionMask = 2147483647;
			files = (
			);
			runOnlyForDeploymentPostprocessing = 0;
		};
/* End PBXFrameworksBuildPhase section */

/* Begin PBXGroup section */
		843860DB1F8D1F43003AF030 = {
			isa = PBXGroup;
			children = (
				843860E61F8D1F43003AF030 /* VDSImageViewAnimation */,
				843860E51F8D1F43003AF030 /* Products */,
			);
			sourceTree = "<group>";
		};
		843860E51F8D1F43003AF030 /* Products */ = {
			isa = PBXGroup;
			children = (
				843860E41F8D1F43003AF030 /* VDSImageViewAnimation.app */,
			);
			name = Products;
			sourceTree = "<group>";
		};
		843860E61F8D1F43003AF030 /* VDSImageViewAnimation */ = {
			isa = PBXGroup;
			children = (
				843860F91F8D1F5F003AF030 /* VDSImageViewExtendedAnimation.swift */,
				843860E71F8D1F43003AF030 /* AppDelegate.swift */,
				843860E91F8D1F43003AF030 /* ViewController.swift */,
				843860EB1F8D1F43003AF030 /* Main.storyboard */,
				843860EE1F8D1F43003AF030 /* Assets.xcassets */,
				843860F01F8D1F43003AF030 /* LaunchScreen.storyboard */,
				843860F31F8D1F43003AF030 /* Info.plist */,
			);
			path = VDSImageViewAnimation;
			sourceTree = "<group>";
		};
/* End PBXGroup section */

/* Begin PBXNativeTarget section */
		843860E31F8D1F43003AF030 /* VDSImageViewAnimation */ = {
			isa = PBXNativeTarget;
			buildConfigurationList = 843860F61F8D1F43003AF030 /* Build configuration list for PBXNativeTarget "VDSImageViewAnimation" */;
			buildPhases = (
				843860E01F8D1F43003AF030 /* Sources */,
				843860E11F8D1F43003AF030 /* Frameworks */,
				843860E21F8D1F43003AF030 /* Resources */,
			);
			buildRules = (
			);
			dependencies = (
			);
			name = VDSImageViewAnimation;
			productName = VDSImageViewAnimation;
			productReference = 843860E41F8D1F43003AF030 /* VDSImageViewAnimation.app */;
			productType = "com.apple.product-type.application";
		};
/* End PBXNativeTarget section */

/* Begin PBXProject section */
		843860DC1F8D1F43003AF030 /* Project object */ = {
			isa = PBXProject;
			attributes = {
				LastSwiftUpdateCheck = 0820;
				LastUpgradeCheck = 0820;
				ORGANIZATIONNAME = VimalDas;
				TargetAttributes = {
					843860E31F8D1F43003AF030 = {
						CreatedOnToolsVersion = 8.2.1;
						DevelopmentTeam = 9E26H623J7;
						ProvisioningStyle = Automatic;
					};
				};
			};
			buildConfigurationList = 843860DF1F8D1F43003AF030 /* Build configuration list for PBXProject "VDSImageViewAnimation" */;
			compatibilityVersion = "Xcode 3.2";
			developmentRegion = English;
			hasScannedForEncodings = 0;
			knownRegions = (
				en,
				Base,
			);
			mainGroup = 843860DB1F8D1F43003AF030;
			productRefGroup = 843860E51F8D1F43003AF030 /* Products */;
			projectDirPath = "";
			projectRoot = "";
			targets = (
				843860E31F8D1F43003AF030 /* VDSImageViewAnimation */,
			);
		};
/* End PBXProject section */

/* Begin PBXResourcesBuildPhase section */
		843860E21F8D1F43003AF030 /* Resources */ = {
			isa = PBXResourcesBuildPhase;
			buildActionMask = 2147483647;
			files = (
				843860F21F8D1F43003AF030 /* LaunchScreen.storyboard in Resources */,
				843860EF1F8D1F43003AF030 /* Assets.xcassets in Resources */,
				843860ED1F8D1F43003AF030 /* Main.storyboard in Resources */,
			);
			runOnlyForDeploymentPostprocessing = 0;
		};
/* End PBXResourcesBuildPhase section */

/* Begin PBXSourcesBuildPhase section */
		843860E01F8D1F43003AF030 /* Sources */ = {
			isa = PBXSourcesBuildPhase;
			buildActionMask = 2147483647;
			files = (
				843860EA1F8D1F43003AF030 /* ViewController.swift in Sources */,
				843860E81F8D1F43003AF030 /* AppDelegate.swift in Sources */,
				843860FA1F8D1F5F003AF030 /* VDSImageViewExtendedAnimation.swift in Sources */,
			);
			runOnlyForDeploymentPostprocessing = 0;
		};
/* End PBXSourcesBuildPhase section */

/* Begin PBXVariantGroup section */
		843860EB1F8D1F43003AF030 /* Main.storyboard */ = {
			isa = PBXVariantGroup;
			children = (
				843860EC1F8D1F43003AF030 /* Base */,
			);
			name = Main.storyboard;
			sourceTree = "<group>";
		};
		843860F01F8D1F43003AF030 /* LaunchScreen.storyboard */ = {
			isa = PBXVariantGroup;
			children = (
				843860F11F8D1F43003AF030 /* Base */,
			);
			name = LaunchScreen.storyboard;
			sourceTree = "<group>";
		};
/* End PBXVariantGroup section */

/* Begin XCBuildConfiguration section */
		843860F41F8D1F43003AF030 /* Debug */ = {
			isa = XCBuildConfiguration;
			buildSettings = {
				ALWAYS_SEARCH_USER_PATHS = NO;
				CLANG_ANALYZER_NONNULL = YES;
				CLANG_CXX_LANGUAGE_STANDARD = "gnu++0x";
				CLANG_CXX_LIBRARY = "libc++";
				CLANG_ENABLE_MODULES = YES;
				CLANG_ENABLE_OBJC_ARC = YES;
				CLANG_WARN_BOOL_CONVERSION = YES;
				CLANG_WARN_CONSTANT_CONVERSION = YES;
				CLANG_WARN_DIRECT_OBJC_ISA_USAGE = YES_ERROR;
				CLANG_WARN_DOCUMENTATION_COMMENTS = YES;
				CLANG_WARN_EMPTY_BODY = YES;
				CLANG_WARN_ENUM_CONVERSION = YES;
				CLANG_WARN_INFINITE_RECURSION = YES;
				CLANG_WARN_INT_CONVERSION = YES;
				CLANG_WARN_OBJC_ROOT_CLASS = YES_ERROR;
				CLANG_WARN_SUSPICIOUS_MOVE = YES;
				CLANG_WARN_UNREACHABLE_CODE = YES;
				CLANG_WARN__DUPLICATE_METHOD_MATCH = YES;
				"CODE_SIGN_IDENTITY[sdk=iphoneos*]" = "iPhone Developer";
				COPY_PHASE_STRIP = NO;
				DEBUG_INFORMATION_FORMAT = dwarf;
				ENABLE_STRICT_OBJC_MSGSEND = YES;
				ENABLE_TESTABILITY = YES;
				GCC_C_LANGUAGE_STANDARD = gnu99;
				GCC_DYNAMIC_NO_PIC = NO;
				GCC_NO_COMMON_BLOCKS = YES;
				GCC_OPTIMIZATION_LEVEL = 0;
				GCC_PREPROCESSOR_DEFINITIONS = (
					"DEBUG=1",
					"$(inherited)",
				);
				GCC_WARN_64_TO_32_BIT_CONVERSION = YES;
				GCC_WARN_ABOUT_RETURN_TYPE = YES_ERROR;
				GCC_WARN_UNDECLARED_SELECTOR = YES;
				GCC_WARN_UNINITIALIZED_AUTOS = YES_AGGRESSIVE;
				GCC_WARN_UNUSED_FUNCTION = YES;
				GCC_WARN_UNUSED_VARIABLE = YES;
				IPHONEOS_DEPLOYMENT_TARGET = 10.2;
				MTL_ENABLE_DEBUG_INFO = YES;
				ONLY_ACTIVE_ARCH = YES;
				SDKROOT = iphoneos;
				SWIFT_ACTIVE_COMPILATION_CONDITIONS = DEBUG;
				SWIFT_OPTIMIZATION_LEVEL = "-Onone";
				TARGETED_DEVICE_FAMILY = "1,2";
			};
			name = Debug;
		};
		843860F51F8D1F43003AF030 /* Release */ = {
			isa = XCBuildConfiguration;
			buildSettings = {
				ALWAYS_SEARCH_USER_PATHS = NO;
				CLANG_ANALYZER_NONNULL = YES;
				CLANG_CXX_LANGUAGE_STANDARD = "gnu++0x";
				CLANG_CXX_LIBRARY = "libc++";
				CLANG_ENABLE_MODULES = YES;
				CLANG_ENABLE_OBJC_ARC = YES;
				CLANG_WARN_BOOL_CONVERSION = YES;
				CLANG_WARN_CONSTANT_CONVERSION = YES;
				CLANG_WARN_DIRECT_OBJC_ISA_USAGE = YES_ERROR;
				CLANG_WARN_DOCUMENTATION_COMMENTS = YES;
				CLANG_WARN_EMPTY_BODY = YES;
				CLANG_WARN_ENUM_CONVERSION = YES;
				CLANG_WARN_INFINITE_RECURSION = YES;
				CLANG_WARN_INT_CONVERSION = YES;
				CLANG_WARN_OBJC_ROOT_CLASS = YES_ERROR;
				CLANG_WARN_SUSPICIOUS_MOVE = YES;
				CLANG_WARN_UNREACHABLE_CODE = YES;
				CLANG_WARN__DUPLICATE_METHOD_MATCH = YES;
				"CODE_SIGN_IDENTITY[sdk=iphoneos*]" = "iPhone Developer";
				COPY_PHASE_STRIP = NO;
				DEBUG_INFORMATION_FORMAT = "dwarf-with-dsym";
				ENABLE_NS_ASSERTIONS = NO;
				ENABLE_STRICT_OBJC_MSGSEND = YES;
				GCC_C_LANGUAGE_STANDARD = gnu99;
				GCC_NO_COMMON_BLOCKS = YES;
				GCC_WARN_64_TO_32_BIT_CONVERSION = YES;
				GCC_WARN_ABOUT_RETURN_TYPE = YES_ERROR;
				GCC_WARN_UNDECLARED_SELECTOR = YES;
				GCC_WARN_UNINITIALIZED_AUTOS = YES_AGGRESSIVE;
				GCC_WARN_UNUSED_FUNCTION = YES;
				GCC_WARN_UNUSED_VARIABLE = YES;
				IPHONEOS_DEPLOYMENT_TARGET = 10.2;
				MTL_ENABLE_DEBUG_INFO = NO;
				SDKROOT = iphoneos;
				SWIFT_OPTIMIZATION_LEVEL = "-Owholemodule";
				TARGETED_DEVICE_FAMILY = "1,2";
				VALIDATE_PRODUCT = YES;
			};
			name = Release;
		};
		843860F71F8D1F43003AF030 /* Debug */ = {
			isa = XCBuildConfiguration;
			buildSettings = {
				ASSETCATALOG_COMPILER_APPICON_NAME = AppIcon;
				DEVELOPMENT_TEAM = 9E26H623J7;
				INFOPLIST_FILE = VDSImageViewAnimation/Info.plist;
				LD_RUNPATH_SEARCH_PATHS = "$(inherited) @executable_path/Frameworks";
				PRODUCT_BUNDLE_IDENTIFIER = com.vimal.VDSImageViewAnimation;
				PRODUCT_NAME = "$(TARGET_NAME)";
				SWIFT_VERSION = 3.0;
			};
			name = Debug;
		};
		843860F81F8D1F43003AF030 /* Release */ = {
			isa = XCBuildConfiguration;
			buildSettings = {
				ASSETCATALOG_COMPILER_APPICON_NAME = AppIcon;
				DEVELOPMENT_TEAM = 9E26H623J7;
				INFOPLIST_FILE = VDSImageViewAnimation/Info.plist;
				LD_RUNPATH_SEARCH_PATHS = "$(inherited) @executable_path/Frameworks";
				PRODUCT_BUNDLE_IDENTIFIER = com.vimal.VDSImageViewAnimation;
				PRODUCT_NAME = "$(TARGET_NAME)";
				SWIFT_VERSION = 3.0;
			};
			name = Release;
		};
/* End XCBuildConfiguration section */

/* Begin XCConfigurationList section */
		843860DF1F8D1F43003AF030 /* Build configuration list for PBXProject "VDSImageViewAnimation" */ = {
			isa = XCConfigurationList;
			buildConfigurations = (
				843860F41F8D1F43003AF030 /* Debug */,
				843860F51F8D1F43003AF030 /* Release */,
			);
			defaultConfigurationIsVisible = 0;
			defaultConfigurationName = Release;
		};
		843860F61F8D1F43003AF030 /* Build configuration list for PBXNativeTarget "VDSImageViewAnimation" */ = {
			isa = XCConfigurationList;
			buildConfigurations = (
				843860F71F8D1F43003AF030 /* Debug */,
				843860F81F8D1F43003AF030 /* Release */,
			);
			defaultConfigurationIsVisible = 0;
		};
/* End XCConfigurationList section */
	};
	rootObject = 843860DC1F8D1F43003AF030 /* Project object */;
}
